
Microsoft Visual Studio Solution File, Format Version 12.00
# Visual Studio Version 16
VisualStudioVersion = 16.0.29728.190
MinimumVisualStudioVersion = 10.0.40219.1
Project("{FAE04EC0-301F-11D3-BF4B-00C04F79EFBC}") = "ClassLibrary1", "ClassLibrary1\ClassLibrary1.csproj", "{5EBE1258-D835-4CBD-8670-9498977B8436}"
EndProject
Project("{FAE04EC0-301F-11D3-BF4B-00C04F79EFBC}") = "ConsoleApp1", "ConsoleApp1\ConsoleApp1.csproj", "{6E46B76F-6F7D-4BEA-8BEC-BE9722086FA4}"
EndProject
Project("{FAE04EC0-301F-11D3-BF4B-00C04F79EFBC}") = "WindowsFormsApp1", "WindowsFormsApp1\WindowsFormsApp1.csproj", "{667AE0C2-C640-489A-BD3F-76495143B9AD}"
EndProject
Global
	GlobalSection(SolutionConfigurationPlatforms) = preSolution
		Debug|Any CPU = Debug|Any CPU
		Release|Any CPU = Release|Any CPU
	EndGlobalSection
	GlobalSection(ProjectConfigurationPlatforms) = postSolution
		{5EBE1258-D835-4CBD-8670-9498977B8436}.Debug|Any CPU.ActiveCfg = Debug|Any CPU
		{5EBE1258-D835-4CBD-8670-9498977B8436}.Debug|Any CPU.Build.0 = Debug|Any CPU
		{5EBE1258-D835-4CBD-8670-9498977B8436}.Release|Any CPU.ActiveCfg = Release|Any CPU
		{5EBE1258-D835-4CBD-8670-9498977B8436}.Release|Any CPU.Build.0 = Release|Any CPU
		{6E46B76F-6F7D-4BEA-8BEC-BE9722086FA4}.Debug|Any CPU.ActiveCfg = Debug|Any CPU
		{6E46B76F-6F7D-4BEA-8BEC-BE9722086FA4}.Debug|Any CPU.Build.0 = Debug|Any CPU
		{6E46B76F-6F7D-4BEA-8BEC-BE9722086FA4}.Release|Any CPU.ActiveCfg = Release|Any CPU
		{6E46B76F-6F7D-4BEA-8BEC-BE9722086FA4}.Release|Any CPU.Build.0 = Release|Any CPU
		{667AE0C2-C640-489A-BD3F-76495143B9AD}.Debug|Any CPU.ActiveCfg = Debug|Any CPU
		{667AE0C2-C640-489A-BD3F-76495143B9AD}.Debug|Any CPU.Build.0 = Debug|Any CPU
		{667AE0C2-C640-489A-BD3F-76495143B9AD}.Release|Any CPU.ActiveCfg = Release|Any CPU
		{667AE0C2-C640-489A-BD3F-76495143B9AD}.Release|Any CPU.Build.0 = Release|Any CPU
	EndGlobalSection
	GlobalSection(SolutionProperties) = preSolution
		HideSolutionNode = FALSE
	EndGlobalSection
	GlobalSection(ExtensibilityGlobals) = postSolution
		SolutionGuid = {D4CAA822-FA24-4934-A28C-093E914DDEA9}
	EndGlobalSection
EndGlobal
